
Microsoft Visual Studio Solution File, Format Version 12.00
# Visual Studio Version 17
VisualStudioVersion = 17.13.35825.156 d17.13
MinimumVisualStudioVersion = 10.0.40219.1
Project("{FAE04EC0-301F-11D3-BF4B-00C04F79EFBC}") = "TicketBookingSystem", "TicketBookingSystem\TicketBookingSystem.csproj", "{56D35B20-41C3-4354-823B-DF2A57898129}"
EndProject
Global
	GlobalSection(SolutionConfigurationPlatforms) = preSolution
		Debug|Any CPU = Debug|Any CPU
		Release|Any CPU = Release|Any CPU
	EndGlobalSection
	GlobalSection(ProjectConfigurationPlatforms) = postSolution
		{56D35B20-41C3-4354-823B-DF2A57898129}.Debug|Any CPU.ActiveCfg = Debug|Any CPU
		{56D35B20-41C3-4354-823B-DF2A57898129}.Debug|Any CPU.Build.0 = Debug|Any CPU
		{56D35B20-41C3-4354-823B-DF2A57898129}.Release|Any CPU.ActiveCfg = Release|Any CPU
		{56D35B20-41C3-4354-823B-DF2A57898129}.Release|Any CPU.Build.0 = Release|Any CPU
	EndGlobalSection
	GlobalSection(SolutionProperties) = preSolution
		HideSolutionNode = FALSE
	EndGlobalSection
	GlobalSection(ExtensibilityGlobals) = postSolution
		SolutionGuid = {6B44FCAD-E63E-4BF5-8DE6-EF5F7644D394}
	EndGlobalSection
EndGlobal
